
Microsoft Visual Studio Solution File, Format Version 12.00
# SQL Server Management Studio Version 21
VisualStudioVersion = 17.14.36603.0
MinimumVisualStudioVersion = 10.0.40219.1
Project("{4F2E2C19-372F-40D8-9FA7-9D2138C6997A}") = "Com2900G05", "Com2900G05.ssmssqlproj", "{41E999C9-16F6-1851-5746-D3C45D044E8D}"
EndProject
Global
	GlobalSection(SolutionConfigurationPlatforms) = preSolution
		Default|Default = Default|Default
	EndGlobalSection
	GlobalSection(ProjectConfigurationPlatforms) = postSolution
		{41E999C9-16F6-1851-5746-D3C45D044E8D}.Default|Default.ActiveCfg = Default
		{BF567344-2300-442F-B365-0183EDA19C06}.Default|Default.ActiveCfg = Default
	EndGlobalSection
	GlobalSection(SolutionProperties) = preSolution
		HideSolutionNode = FALSE
	EndGlobalSection
	GlobalSection(ExtensibilityGlobals) = postSolution
		SolutionGuid = {4BAD2B8F-4C67-4DF0-AE1E-42A12D9FDE09}
	EndGlobalSection
EndGlobal
